
Microsoft Visual Studio Solution File, Format Version 12.00
# Visual Studio Version 16
VisualStudioVersion = 16.0.31702.278
MinimumVisualStudioVersion = 10.0.40219.1
Project("{FAE04EC0-301F-11D3-BF4B-00C04F79EFBC}") = "Reticle OPC Generator", "Reticle OPC Generator.csproj", "{7F136A44-8A39-4998-B3C5-F966AEC63787}"
EndProject
Global
	GlobalSection(SolutionConfigurationPlatforms) = preSolution
		Debug|Any CPU = Debug|Any CPU
		Release|Any CPU = Release|Any CPU
	EndGlobalSection
	GlobalSection(ProjectConfigurationPlatforms) = postSolution
		{7F136A44-8A39-4998-B3C5-F966AEC63787}.Debug|Any CPU.ActiveCfg = Debug|Any CPU
		{7F136A44-8A39-4998-B3C5-F966AEC63787}.Debug|Any CPU.Build.0 = Debug|Any CPU
		{7F136A44-8A39-4998-B3C5-F966AEC63787}.Release|Any CPU.ActiveCfg = Release|Any CPU
		{7F136A44-8A39-4998-B3C5-F966AEC63787}.Release|Any CPU.Build.0 = Release|Any CPU
	EndGlobalSection
	GlobalSection(SolutionProperties) = preSolution
		HideSolutionNode = FALSE
	EndGlobalSection
	GlobalSection(ExtensibilityGlobals) = postSolution
		SolutionGuid = {1F347B83-129D-40F7-95AE-BAF3F7C97E03}
	EndGlobalSection
EndGlobal
